
Microsoft Visual Studio Solution File, Format Version 12.00
# Visual Studio Version 16
VisualStudioVersion = 16.0.34729.46
MinimumVisualStudioVersion = 10.0.40219.1
Project("{FAE04EC0-301F-11D3-BF4B-00C04F79EFBC}") = "SalesWebMvc", "SalesWebMvc\SalesWebMvc.csproj", "{0F98F440-E7DE-4C4D-81EB-66E91E8DC3AD}"
EndProject
Global
	GlobalSection(SolutionConfigurationPlatforms) = preSolution
		Debug|Any CPU = Debug|Any CPU
		Release|Any CPU = Release|Any CPU
	EndGlobalSection
	GlobalSection(ProjectConfigurationPlatforms) = postSolution
		{0F98F440-E7DE-4C4D-81EB-66E91E8DC3AD}.Debug|Any CPU.ActiveCfg = Debug|Any CPU
		{0F98F440-E7DE-4C4D-81EB-66E91E8DC3AD}.Debug|Any CPU.Build.0 = Debug|Any CPU
		{0F98F440-E7DE-4C4D-81EB-66E91E8DC3AD}.Release|Any CPU.ActiveCfg = Release|Any CPU
		{0F98F440-E7DE-4C4D-81EB-66E91E8DC3AD}.Release|Any CPU.Build.0 = Release|Any CPU
	EndGlobalSection
	GlobalSection(SolutionProperties) = preSolution
		HideSolutionNode = FALSE
	EndGlobalSection
	GlobalSection(ExtensibilityGlobals) = postSolution
		SolutionGuid = {BADE09ED-3368-454D-87CB-7625DF7B0033}
	EndGlobalSection
EndGlobal
